// !$*UTF8*$!
{
	archiveVersion = 1;
	classes = {
	};
	objectVersion = 77;
	objects = {

/* Begin PBXBuildFile section */
		684676262CD16C6000E904A5 /* StoreKit.framework in Frameworks */ = {isa = PBXBuildFile; fileRef = 684676252CD16C6000E904A5 /* StoreKit.framework */; };
/* End PBXBuildFile section */

/* Begin PBXContainerItemProxy section */
		68617FD12CA43D2A003E906E /* PBXContainerItemProxy */ = {
			isa = PBXContainerItemProxy;
			containerPortal = 68617FB82CA43D28003E906E /* Project object */;
			proxyType = 1;
			remoteGlobalIDString = 68617FBF2CA43D28003E906E;
			remoteInfo = TomaTask;
		};
		68617FDB2CA43D2A003E906E /* PBXContainerItemProxy */ = {
			isa = PBXContainerItemProxy;
			containerPortal = 68617FB82CA43D28003E906E /* Project object */;
			proxyType = 1;
			remoteGlobalIDString = 68617FBF2CA43D28003E906E;
			remoteInfo = TomaTask;
		};
/* End PBXContainerItemProxy section */

/* Begin PBXFileReference section */
		684676252CD16C6000E904A5 /* StoreKit.framework */ = {isa = PBXFileReference; lastKnownFileType = wrapper.framework; name = StoreKit.framework; path = System/Library/Frameworks/StoreKit.framework; sourceTree = SDKROOT; };
		68617FC02CA43D28003E906E /* TomaTask.app */ = {isa = PBXFileReference; explicitFileType = wrapper.application; includeInIndex = 0; path = TomaTask.app; sourceTree = BUILT_PRODUCTS_DIR; };
		68617FD02CA43D2A003E906E /* TomaTaskTests.xctest */ = {isa = PBXFileReference; explicitFileType = wrapper.cfbundle; includeInIndex = 0; path = TomaTaskTests.xctest; sourceTree = BUILT_PRODUCTS_DIR; };
		68617FDA2CA43D2A003E906E /* TomaTaskUITests.xctest */ = {isa = PBXFileReference; explicitFileType = wrapper.cfbundle; includeInIndex = 0; path = TomaTaskUITests.xctest; sourceTree = BUILT_PRODUCTS_DIR; };
/* End PBXFileReference section */

/* Begin PBXFileSystemSynchronizedBuildFileExceptionSet section */
		6867A7C22CC0154B00864CDD /* Exceptions for "TomaTask" folder in "TomaTask" target */ = {
			isa = PBXFileSystemSynchronizedBuildFileExceptionSet;
			membershipExceptions = (
				Info.plist,
			);
			target = 68617FBF2CA43D28003E906E /* TomaTask */;
		};
/* End PBXFileSystemSynchronizedBuildFileExceptionSet section */

/* Begin PBXFileSystemSynchronizedRootGroup section */
		68617FC22CA43D28003E906E /* TomaTask */ = {
			isa = PBXFileSystemSynchronizedRootGroup;
			exceptions = (
				6867A7C22CC0154B00864CDD /* Exceptions for "TomaTask" folder in "TomaTask" target */,
			);
			path = TomaTask;
			sourceTree = "<group>";
		};
		68617FD32CA43D2A003E906E /* TomaTaskTests */ = {
			isa = PBXFileSystemSynchronizedRootGroup;
			path = TomaTaskTests;
			sourceTree = "<group>";
		};
		68617FDD2CA43D2A003E906E /* TomaTaskUITests */ = {
			isa = PBXFileSystemSynchronizedRootGroup;
			path = TomaTaskUITests;
			sourceTree = "<group>";
		};
/* End PBXFileSystemSynchronizedRootGroup section */

/* Begin PBXFrameworksBuildPhase section */
		68617FBD2CA43D28003E906E /* Frameworks */ = {
			isa = PBXFrameworksBuildPhase;
			buildActionMask = 2147483647;
			files = (
				684676262CD16C6000E904A5 /* StoreKit.framework in Frameworks */,
			);
			runOnlyForDeploymentPostprocessing = 0;
		};
		68617FCD2CA43D2A003E906E /* Frameworks */ = {
			isa = PBXFrameworksBuildPhase;
			buildActionMask = 2147483647;
			files = (
			);
			runOnlyForDeploymentPostprocessing = 0;
		};
		68617FD72CA43D2A003E906E /* Frameworks */ = {
			isa = PBXFrameworksBuildPhase;
			buildActionMask = 2147483647;
			files = (
			);
			runOnlyForDeploymentPostprocessing = 0;
		};
/* End PBXFrameworksBuildPhase section */

/* Begin PBXGroup section */
		684676242CD16C6000E904A5 /* Frameworks */ = {
			isa = PBXGroup;
			children = (
				684676252CD16C6000E904A5 /* StoreKit.framework */,
			);
			name = Frameworks;
			sourceTree = "<group>";
		};
		68617FB72CA43D28003E906E = {
			isa = PBXGroup;
			children = (
				68617FC22CA43D28003E906E /* TomaTask */,
				68617FD32CA43D2A003E906E /* TomaTaskTests */,
				68617FDD2CA43D2A003E906E /* TomaTaskUITests */,
				684676242CD16C6000E904A5 /* Frameworks */,
				68617FC12CA43D28003E906E /* Products */,
			);
			sourceTree = "<group>";
		};
		68617FC12CA43D28003E906E /* Products */ = {
			isa = PBXGroup;
			children = (
				68617FC02CA43D28003E906E /* TomaTask.app */,
				68617FD02CA43D2A003E906E /* TomaTaskTests.xctest */,
				68617FDA2CA43D2A003E906E /* TomaTaskUITests.xctest */,
			);
			name = Products;
			sourceTree = "<group>";
		};
/* End PBXGroup section */

/* Begin PBXNativeTarget section */
		68617FBF2CA43D28003E906E /* TomaTask */ = {
			isa = PBXNativeTarget;
			buildConfigurationList = 68617FE42CA43D2A003E906E /* Build configuration list for PBXNativeTarget "TomaTask" */;
			buildPhases = (
				68617FBC2CA43D28003E906E /* Sources */,
				68617FBD2CA43D28003E906E /* Frameworks */,
				68617FBE2CA43D28003E906E /* Resources */,
			);
			buildRules = (
			);
			dependencies = (
			);
			fileSystemSynchronizedGroups = (
				68617FC22CA43D28003E906E /* TomaTask */,
			);
			name = TomaTask;
			packageProductDependencies = (
			);
			productName = TomaTask;
			productReference = 68617FC02CA43D28003E906E /* TomaTask.app */;
			productType = "com.apple.product-type.application";
		};
		68617FCF2CA43D2A003E906E /* TomaTaskTests */ = {
			isa = PBXNativeTarget;
			buildConfigurationList = 68617FE72CA43D2A003E906E /* Build configuration list for PBXNativeTarget "TomaTaskTests" */;
			buildPhases = (
				68617FCC2CA43D2A003E906E /* Sources */,
				68617FCD2CA43D2A003E906E /* Frameworks */,
				68617FCE2CA43D2A003E906E /* Resources */,
			);
			buildRules = (
			);
			dependencies = (
				68617FD22CA43D2A003E906E /* PBXTargetDependency */,
			);
			fileSystemSynchronizedGroups = (
				68617FD32CA43D2A003E906E /* TomaTaskTests */,
			);
			name = TomaTaskTests;
			packageProductDependencies = (
			);
			productName = TomaTaskTests;
			productReference = 68617FD02CA43D2A003E906E /* TomaTaskTests.xctest */;
			productType = "com.apple.product-type.bundle.unit-test";
		};
		68617FD92CA43D2A003E906E /* TomaTaskUITests */ = {
			isa = PBXNativeTarget;
			buildConfigurationList = 68617FEA2CA43D2A003E906E /* Build configuration list for PBXNativeTarget "TomaTaskUITests" */;
			buildPhases = (
				68617FD62CA43D2A003E906E /* Sources */,
				68617FD72CA43D2A003E906E /* Frameworks */,
				68617FD82CA43D2A003E906E /* Resources */,
			);
			buildRules = (
			);
			dependencies = (
				68617FDC2CA43D2A003E906E /* PBXTargetDependency */,
			);
			fileSystemSynchronizedGroups = (
				68617FDD2CA43D2A003E906E /* TomaTaskUITests */,
			);
			name = TomaTaskUITests;
			packageProductDependencies = (
			);
			productName = TomaTaskUITests;
			productReference = 68617FDA2CA43D2A003E906E /* TomaTaskUITests.xctest */;
			productType = "com.apple.product-type.bundle.ui-testing";
		};
/* End PBXNativeTarget section */

/* Begin PBXProject section */
		68617FB82CA43D28003E906E /* Project object */ = {
			isa = PBXProject;
			attributes = {
				BuildIndependentTargetsInParallel = 1;
				LastSwiftUpdateCheck = 1600;
				LastUpgradeCheck = 1600;
				TargetAttributes = {
					68617FBF2CA43D28003E906E = {
						CreatedOnToolsVersion = 16.0;
					};
					68617FCF2CA43D2A003E906E = {
						CreatedOnToolsVersion = 16.0;
						TestTargetID = 68617FBF2CA43D28003E906E;
					};
					68617FD92CA43D2A003E906E = {
						CreatedOnToolsVersion = 16.0;
						TestTargetID = 68617FBF2CA43D28003E906E;
					};
				};
			};
			buildConfigurationList = 68617FBB2CA43D28003E906E /* Build configuration list for PBXProject "TomaTask" */;
			developmentRegion = en;
			hasScannedForEncodings = 0;
			knownRegions = (
				en,
				Base,
			);
			mainGroup = 68617FB72CA43D28003E906E;
			minimizedProjectReferenceProxies = 1;
			preferredProjectObjectVersion = 77;
			productRefGroup = 68617FC12CA43D28003E906E /* Products */;
			projectDirPath = "";
			projectRoot = "";
			targets = (
				68617FBF2CA43D28003E906E /* TomaTask */,
				68617FCF2CA43D2A003E906E /* TomaTaskTests */,
				68617FD92CA43D2A003E906E /* TomaTaskUITests */,
			);
		};
/* End PBXProject section */

/* Begin PBXResourcesBuildPhase section */
		68617FBE2CA43D28003E906E /* Resources */ = {
			isa = PBXResourcesBuildPhase;
			buildActionMask = 2147483647;
			files = (
			);
			runOnlyForDeploymentPostprocessing = 0;
		};
		68617FCE2CA43D2A003E906E /* Resources */ = {
			isa = PBXResourcesBuildPhase;
			buildActionMask = 2147483647;
			files = (
			);
			runOnlyForDeploymentPostprocessing = 0;
		};
		68617FD82CA43D2A003E906E /* Resources */ = {
			isa = PBXResourcesBuildPhase;
			buildActionMask = 2147483647;
			files = (
			);
			runOnlyForDeploymentPostprocessing = 0;
		};
/* End PBXResourcesBuildPhase section */

/* Begin PBXSourcesBuildPhase section */
		68617FBC2CA43D28003E906E /* Sources */ = {
			isa = PBXSourcesBuildPhase;
			buildActionMask = 2147483647;
			files = (
			);
			runOnlyForDeploymentPostprocessing = 0;
		};
		68617FCC2CA43D2A003E906E /* Sources */ = {
			isa = PBXSourcesBuildPhase;
			buildActionMask = 2147483647;
			files = (
			);
			runOnlyForDeploymentPostprocessing = 0;
		};
		68617FD62CA43D2A003E906E /* Sources */ = {
			isa = PBXSourcesBuildPhase;
			buildActionMask = 2147483647;
			files = (
			);
			runOnlyForDeploymentPostprocessing = 0;
		};
/* End PBXSourcesBuildPhase section */

/* Begin PBXTargetDependency section */
		68617FD22CA43D2A003E906E /* PBXTargetDependency */ = {
			isa = PBXTargetDependency;
			target = 68617FBF2CA43D28003E906E /* TomaTask */;
			targetProxy = 68617FD12CA43D2A003E906E /* PBXContainerItemProxy */;
		};
		68617FDC2CA43D2A003E906E /* PBXTargetDependency */ = {
			isa = PBXTargetDependency;
			target = 68617FBF2CA43D28003E906E /* TomaTask */;
			targetProxy = 68617FDB2CA43D2A003E906E /* PBXContainerItemProxy */;
		};
/* End PBXTargetDependency section */

/* Begin XCBuildConfiguration section */
		68617FE22CA43D2A003E906E /* Debug */ = {
			isa = XCBuildConfiguration;
			buildSettings = {
				ALWAYS_SEARCH_USER_PATHS = NO;
				ASSETCATALOG_COMPILER_GENERATE_SWIFT_ASSET_SYMBOL_EXTENSIONS = YES;
				CLANG_ANALYZER_NONNULL = YES;
				CLANG_ANALYZER_NUMBER_OBJECT_CONVERSION = YES_AGGRESSIVE;
				CLANG_CXX_LANGUAGE_STANDARD = "gnu++20";
				CLANG_ENABLE_MODULES = YES;
				CLANG_ENABLE_OBJC_ARC = YES;
				CLANG_ENABLE_OBJC_WEAK = YES;
				CLANG_WARN_BLOCK_CAPTURE_AUTORELEASING = YES;
				CLANG_WARN_BOOL_CONVERSION = YES;
				CLANG_WARN_COMMA = YES;
				CLANG_WARN_CONSTANT_CONVERSION = YES;
				CLANG_WARN_DEPRECATED_OBJC_IMPLEMENTATIONS = YES;
				CLANG_WARN_DIRECT_OBJC_ISA_USAGE = YES_ERROR;
				CLANG_WARN_DOCUMENTATION_COMMENTS = YES;
				CLANG_WARN_EMPTY_BODY = YES;
				CLANG_WARN_ENUM_CONVERSION = YES;
				CLANG_WARN_INFINITE_RECURSION = YES;
				CLANG_WARN_INT_CONVERSION = YES;
				CLANG_WARN_NON_LITERAL_NULL_CONVERSION = YES;
				CLANG_WARN_OBJC_IMPLICIT_RETAIN_SELF = YES;
				CLANG_WARN_OBJC_LITERAL_CONVERSION = YES;
				CLANG_WARN_OBJC_ROOT_CLASS = YES_ERROR;
				CLANG_WARN_QUOTED_INCLUDE_IN_FRAMEWORK_HEADER = YES;
				CLANG_WARN_RANGE_LOOP_ANALYSIS = YES;
				CLANG_WARN_STRICT_PROTOTYPES = YES;
				CLANG_WARN_SUSPICIOUS_MOVE = YES;
				CLANG_WARN_UNGUARDED_AVAILABILITY = YES_AGGRESSIVE;
				CLANG_WARN_UNREACHABLE_CODE = YES;
				CLANG_WARN__DUPLICATE_METHOD_MATCH = YES;
				COPY_PHASE_STRIP = NO;
				DEBUG_INFORMATION_FORMAT = dwarf;
				ENABLE_STRICT_OBJC_MSGSEND = YES;
				ENABLE_TESTABILITY = YES;
				ENABLE_USER_SCRIPT_SANDBOXING = YES;
				GCC_C_LANGUAGE_STANDARD = gnu17;
				GCC_DYNAMIC_NO_PIC = NO;
				GCC_NO_COMMON_BLOCKS = YES;
				GCC_OPTIMIZATION_LEVEL = 0;
				GCC_PREPROCESSOR_DEFINITIONS = (
					"DEBUG=1",
					"$(inherited)",
				);
				GCC_WARN_64_TO_32_BIT_CONVERSION = YES;
				GCC_WARN_ABOUT_RETURN_TYPE = YES_ERROR;
				GCC_WARN_UNDECLARED_SELECTOR = YES;
				GCC_WARN_UNINITIALIZED_AUTOS = YES_AGGRESSIVE;
				GCC_WARN_UNUSED_FUNCTION = YES;
				GCC_WARN_UNUSED_VARIABLE = YES;
				IPHONEOS_DEPLOYMENT_TARGET = 18.0;
				LOCALIZATION_PREFERS_STRING_CATALOGS = YES;
				MTL_ENABLE_DEBUG_INFO = INCLUDE_SOURCE;
				MTL_FAST_MATH = YES;
				ONLY_ACTIVE_ARCH = YES;
				SDKROOT = iphoneos;
				SWIFT_ACTIVE_COMPILATION_CONDITIONS = "DEBUG $(inherited)";
				SWIFT_OPTIMIZATION_LEVEL = "-Onone";
			};
			name = Debug;
		};
		68617FE32CA43D2A003E906E /* Release */ = {
			isa = XCBuildConfiguration;
			buildSettings = {
				ALWAYS_SEARCH_USER_PATHS = NO;
				ASSETCATALOG_COMPILER_GENERATE_SWIFT_ASSET_SYMBOL_EXTENSIONS = YES;
				CLANG_ANALYZER_NONNULL = YES;
				CLANG_ANALYZER_NUMBER_OBJECT_CONVERSION = YES_AGGRESSIVE;
				CLANG_CXX_LANGUAGE_STANDARD = "gnu++20";
				CLANG_ENABLE_MODULES = YES;
				CLANG_ENABLE_OBJC_ARC = YES;
				CLANG_ENABLE_OBJC_WEAK = YES;
				CLANG_WARN_BLOCK_CAPTURE_AUTORELEASING = YES;
				CLANG_WARN_BOOL_CONVERSION = YES;
				CLANG_WARN_COMMA = YES;
				CLANG_WARN_CONSTANT_CONVERSION = YES;
				CLANG_WARN_DEPRECATED_OBJC_IMPLEMENTATIONS = YES;
				CLANG_WARN_DIRECT_OBJC_ISA_USAGE = YES_ERROR;
				CLANG_WARN_DOCUMENTATION_COMMENTS = YES;
				CLANG_WARN_EMPTY_BODY = YES;
				CLANG_WARN_ENUM_CONVERSION = YES;
				CLANG_WARN_INFINITE_RECURSION = YES;
				CLANG_WARN_INT_CONVERSION = YES;
				CLANG_WARN_NON_LITERAL_NULL_CONVERSION = YES;
				CLANG_WARN_OBJC_IMPLICIT_RETAIN_SELF = YES;
				CLANG_WARN_OBJC_LITERAL_CONVERSION = YES;
				CLANG_WARN_OBJC_ROOT_CLASS = YES_ERROR;
				CLANG_WARN_QUOTED_INCLUDE_IN_FRAMEWORK_HEADER = YES;
				CLANG_WARN_RANGE_LOOP_ANALYSIS = YES;
				CLANG_WARN_STRICT_PROTOTYPES = YES;
				CLANG_WARN_SUSPICIOUS_MOVE = YES;
				CLANG_WARN_UNGUARDED_AVAILABILITY = YES_AGGRESSIVE;
				CLANG_WARN_UNREACHABLE_CODE = YES;
				CLANG_WARN__DUPLICATE_METHOD_MATCH = YES;
				COPY_PHASE_STRIP = NO;
				DEBUG_INFORMATION_FORMAT = "dwarf-with-dsym";
				ENABLE_NS_ASSERTIONS = NO;
				ENABLE_STRICT_OBJC_MSGSEND = YES;
				ENABLE_USER_SCRIPT_SANDBOXING = YES;
				GCC_C_LANGUAGE_STANDARD = gnu17;
				GCC_NO_COMMON_BLOCKS = YES;
				GCC_WARN_64_TO_32_BIT_CONVERSION = YES;
				GCC_WARN_ABOUT_RETURN_TYPE = YES_ERROR;
				GCC_WARN_UNDECLARED_SELECTOR = YES;
				GCC_WARN_UNINITIALIZED_AUTOS = YES_AGGRESSIVE;
				GCC_WARN_UNUSED_FUNCTION = YES;
				GCC_WARN_UNUSED_VARIABLE = YES;
				IPHONEOS_DEPLOYMENT_TARGET = 18.0;
				LOCALIZATION_PREFERS_STRING_CATALOGS = YES;
				MTL_ENABLE_DEBUG_INFO = NO;
				MTL_FAST_MATH = YES;
				SDKROOT = iphoneos;
				SWIFT_COMPILATION_MODE = wholemodule;
				VALIDATE_PRODUCT = YES;
			};
			name = Release;
		};
		68617FE52CA43D2A003E906E /* Debug */ = {
			isa = XCBuildConfiguration;
			buildSettings = {
				ASSETCATALOG_COMPILER_APPICON_NAME = AppIcon;
				ASSETCATALOG_COMPILER_GLOBAL_ACCENT_COLOR_NAME = AccentColor;
				CODE_SIGN_ENTITLEMENTS = TomaTask/TomaTask.entitlements;
				CODE_SIGN_STYLE = Automatic;
				CURRENT_PROJECT_VERSION = 1;
				DEVELOPMENT_ASSET_PATHS = "\"TomaTask/Preview Content\"";
				DEVELOPMENT_TEAM = MA7MBQ947C;
				ENABLE_PREVIEWS = YES;
				GENERATE_INFOPLIST_FILE = YES;
				INFOPLIST_FILE = TomaTask/Info.plist;
				INFOPLIST_KEY_CFBundleDisplayName = PomoTask;
				INFOPLIST_KEY_LSApplicationCategoryType = "public.app-category.productivity";
				INFOPLIST_KEY_UIApplicationSceneManifest_Generation = YES;
				INFOPLIST_KEY_UIApplicationSupportsIndirectInputEvents = YES;
				INFOPLIST_KEY_UILaunchScreen_Generation = YES;
				INFOPLIST_KEY_UISupportedInterfaceOrientations = "UIInterfaceOrientationLandscapeLeft UIInterfaceOrientationLandscapeRight UIInterfaceOrientationPortrait";
				INFOPLIST_KEY_UISupportedInterfaceOrientations_iPad = "UIInterfaceOrientationLandscapeLeft UIInterfaceOrientationLandscapeRight UIInterfaceOrientationPortrait UIInterfaceOrientationPortraitUpsideDown";
				LD_RUNPATH_SEARCH_PATHS = (
					"$(inherited)",
					"@executable_path/Frameworks",
				);
				MARKETING_VERSION = 1.0.2;
				PRODUCT_BUNDLE_IDENTIFIER = giusscos.TomaTask;
				PRODUCT_NAME = "$(TARGET_NAME)";
				SUPPORTED_PLATFORMS = "iphoneos iphonesimulator";
				SUPPORTS_MACCATALYST = NO;
				SUPPORTS_MAC_DESIGNED_FOR_IPHONE_IPAD = YES;
				SUPPORTS_XR_DESIGNED_FOR_IPHONE_IPAD = YES;
				SWIFT_EMIT_LOC_STRINGS = YES;
				SWIFT_VERSION = 5.0;
				TARGETED_DEVICE_FAMILY = "1,2";
			};
			name = Debug;
		};
		68617FE62CA43D2A003E906E /* Release */ = {
			isa = XCBuildConfiguration;
			buildSettings = {
				ASSETCATALOG_COMPILER_APPICON_NAME = AppIcon;
				ASSETCATALOG_COMPILER_GLOBAL_ACCENT_COLOR_NAME = AccentColor;
				CODE_SIGN_ENTITLEMENTS = TomaTask/TomaTask.entitlements;
				CODE_SIGN_STYLE = Automatic;
				CURRENT_PROJECT_VERSION = 1;
				DEVELOPMENT_ASSET_PATHS = "\"TomaTask/Preview Content\"";
				DEVELOPMENT_TEAM = MA7MBQ947C;
				ENABLE_PREVIEWS = YES;
				GENERATE_INFOPLIST_FILE = YES;
				INFOPLIST_FILE = TomaTask/Info.plist;
				INFOPLIST_KEY_CFBundleDisplayName = PomoTask;
				INFOPLIST_KEY_LSApplicationCategoryType = "public.app-category.productivity";
				INFOPLIST_KEY_UIApplicationSceneManifest_Generation = YES;
				INFOPLIST_KEY_UIApplicationSupportsIndirectInputEvents = YES;
				INFOPLIST_KEY_UILaunchScreen_Generation = YES;
				INFOPLIST_KEY_UISupportedInterfaceOrientations = "UIInterfaceOrientationLandscapeLeft UIInterfaceOrientationLandscapeRight UIInterfaceOrientationPortrait";
				INFOPLIST_KEY_UISupportedInterfaceOrientations_iPad = "UIInterfaceOrientationLandscapeLeft UIInterfaceOrientationLandscapeRight UIInterfaceOrientationPortrait UIInterfaceOrientationPortraitUpsideDown";
				LD_RUNPATH_SEARCH_PATHS = (
					"$(inherited)",
					"@executable_path/Frameworks",
				);
				MARKETING_VERSION = 1.0.2;
				PRODUCT_BUNDLE_IDENTIFIER = giusscos.TomaTask;
				PRODUCT_NAME = "$(TARGET_NAME)";
				SUPPORTED_PLATFORMS = "iphoneos iphonesimulator";
				SUPPORTS_MACCATALYST = NO;
				SUPPORTS_MAC_DESIGNED_FOR_IPHONE_IPAD = YES;
				SUPPORTS_XR_DESIGNED_FOR_IPHONE_IPAD = YES;
				SWIFT_EMIT_LOC_STRINGS = YES;
				SWIFT_VERSION = 5.0;
				TARGETED_DEVICE_FAMILY = "1,2";
			};
			name = Release;
		};
		68617FE82CA43D2A003E906E /* Debug */ = {
			isa = XCBuildConfiguration;
			buildSettings = {
				BUNDLE_LOADER = "$(TEST_HOST)";
				CODE_SIGN_STYLE = Automatic;
				CURRENT_PROJECT_VERSION = 1;
				DEVELOPMENT_TEAM = MA7MBQ947C;
				GENERATE_INFOPLIST_FILE = YES;
				IPHONEOS_DEPLOYMENT_TARGET = 18.0;
				MARKETING_VERSION = 1.0;
				PRODUCT_BUNDLE_IDENTIFIER = giusscos.TomaTaskTests;
				PRODUCT_NAME = "$(TARGET_NAME)";
				SWIFT_EMIT_LOC_STRINGS = NO;
				SWIFT_VERSION = 5.0;
				TARGETED_DEVICE_FAMILY = "1,2";
				TEST_HOST = "$(BUILT_PRODUCTS_DIR)/TomaTask.app/$(BUNDLE_EXECUTABLE_FOLDER_PATH)/TomaTask";
			};
			name = Debug;
		};
		68617FE92CA43D2A003E906E /* Release */ = {
			isa = XCBuildConfiguration;
			buildSettings = {
				BUNDLE_LOADER = "$(TEST_HOST)";
				CODE_SIGN_STYLE = Automatic;
				CURRENT_PROJECT_VERSION = 1;
				DEVELOPMENT_TEAM = MA7MBQ947C;
				GENERATE_INFOPLIST_FILE = YES;
				IPHONEOS_DEPLOYMENT_TARGET = 18.0;
				MARKETING_VERSION = 1.0;
				PRODUCT_BUNDLE_IDENTIFIER = giusscos.TomaTaskTests;
				PRODUCT_NAME = "$(TARGET_NAME)";
				SWIFT_EMIT_LOC_STRINGS = NO;
				SWIFT_VERSION = 5.0;
				TARGETED_DEVICE_FAMILY = "1,2";
				TEST_HOST = "$(BUILT_PRODUCTS_DIR)/TomaTask.app/$(BUNDLE_EXECUTABLE_FOLDER_PATH)/TomaTask";
			};
			name = Release;
		};
		68617FEB2CA43D2A003E906E /* Debug */ = {
			isa = XCBuildConfiguration;
			buildSettings = {
				CODE_SIGN_STYLE = Automatic;
				CURRENT_PROJECT_VERSION = 1;
				DEVELOPMENT_TEAM = MA7MBQ947C;
				GENERATE_INFOPLIST_FILE = YES;
				MARKETING_VERSION = 1.0;
				PRODUCT_BUNDLE_IDENTIFIER = giusscos.TomaTaskUITests;
				PRODUCT_NAME = "$(TARGET_NAME)";
				SWIFT_EMIT_LOC_STRINGS = NO;
				SWIFT_VERSION = 5.0;
				TARGETED_DEVICE_FAMILY = "1,2";
				TEST_TARGET_NAME = TomaTask;
			};
			name = Debug;
		};
		68617FEC2CA43D2A003E906E /* Release */ = {
			isa = XCBuildConfiguration;
			buildSettings = {
				CODE_SIGN_STYLE = Automatic;
				CURRENT_PROJECT_VERSION = 1;
				DEVELOPMENT_TEAM = MA7MBQ947C;
				GENERATE_INFOPLIST_FILE = YES;
				MARKETING_VERSION = 1.0;
				PRODUCT_BUNDLE_IDENTIFIER = giusscos.TomaTaskUITests;
				PRODUCT_NAME = "$(TARGET_NAME)";
				SWIFT_EMIT_LOC_STRINGS = NO;
				SWIFT_VERSION = 5.0;
				TARGETED_DEVICE_FAMILY = "1,2";
				TEST_TARGET_NAME = TomaTask;
			};
			name = Release;
		};
/* End XCBuildConfiguration section */

/* Begin XCConfigurationList section */
		68617FBB2CA43D28003E906E /* Build configuration list for PBXProject "TomaTask" */ = {
			isa = XCConfigurationList;
			buildConfigurations = (
				68617FE22CA43D2A003E906E /* Debug */,
				68617FE32CA43D2A003E906E /* Release */,
			);
			defaultConfigurationIsVisible = 0;
			defaultConfigurationName = Release;
		};
		68617FE42CA43D2A003E906E /* Build configuration list for PBXNativeTarget "TomaTask" */ = {
			isa = XCConfigurationList;
			buildConfigurations = (
				68617FE52CA43D2A003E906E /* Debug */,
				68617FE62CA43D2A003E906E /* Release */,
			);
			defaultConfigurationIsVisible = 0;
			defaultConfigurationName = Release;
		};
		68617FE72CA43D2A003E906E /* Build configuration list for PBXNativeTarget "TomaTaskTests" */ = {
			isa = XCConfigurationList;
			buildConfigurations = (
				68617FE82CA43D2A003E906E /* Debug */,
				68617FE92CA43D2A003E906E /* Release */,
			);
			defaultConfigurationIsVisible = 0;
			defaultConfigurationName = Release;
		};
		68617FEA2CA43D2A003E906E /* Build configuration list for PBXNativeTarget "TomaTaskUITests" */ = {
			isa = XCConfigurationList;
			buildConfigurations = (
				68617FEB2CA43D2A003E906E /* Debug */,
				68617FEC2CA43D2A003E906E /* Release */,
			);
			defaultConfigurationIsVisible = 0;
			defaultConfigurationName = Release;
		};
/* End XCConfigurationList section */
	};
	rootObject = 68617FB82CA43D28003E906E /* Project object */;
}
